{
  "name": "client",
  "lockfileVersion": 3,
  "requires": true,
  "packages": {
    "": {
      "name": "client",
      "hasInstallScript": true,
      "dependencies": {
        "@nuxt/icon": "2.2.0",
        "@tailwindcss/vite": "^4.1.18",
        "@vueuse/core": "^14.1.0",
        "class-variance-authority": "^0.7.1",
        "clsx": "^2.1.1",
        "lucide-vue-next": "^0.562.0",
        "nuxt": "^4.2.2",
        "reka-ui": "^2.7.0",
        "shadcn-nuxt": "^2.4.3",
        "tailwind-merge": "^3.4.0",
        "tailwindcss": "^4.1.18",
        "vue": "^3.5.26",
        "vue-router": "^4.6.4",
        "vue3-google-login": "^2.0.34"
      },
      "devDependencies": {
        "tw-animate-css": "^1.4.0"
      }
    },
    "../../node_modules/.pnpm/@nuxt+icon@2.2.0_magicast@0.5.1_vite@7.3.1_@types+node@22.15.3_jiti@2.6.1_lightningcss@1.30.2_oxwnewzbsqkp7lmlxzkiwlkg3u/node_modules/@nuxt/icon": {
      "version": "2.2.0",
      "license": "MIT",
      "dependencies": {
        "@iconify/collections": "^1.0.636",
        "@iconify/types": "^2.0.0",
        "@iconify/utils": "^3.1.0",
        "@iconify/vue": "^5.0.0",
        "@nuxt/devtools-kit": "^3.1.1",
        "@nuxt/kit": "^4.2.2",
        "consola": "^3.4.2",
        "local-pkg": "^1.1.2",
        "mlly": "^1.8.0",
        "ohash": "^2.0.11",
        "pathe": "^2.0.3",
        "picomatch": "^4.0.3",
        "std-env": "^3.10.0",
        "tinyglobby": "^0.2.15"
      },
      "devDependencies": {
        "@iconify-json/fluent-emoji-high-contrast": "^1.2.5",
        "@iconify-json/logos": "^1.2.10",
        "@iconify-json/ph": "^1.2.2",
        "@iconify-json/simple-icons": "^1.2.65",
        "@iconify-json/solar": "^1.2.5",
        "@iconify-json/uil": "^1.2.3",
        "@nuxt/devtools": "^3.1.1",
        "@nuxt/eslint-config": "^1.12.1",
        "@nuxt/module-builder": "^1.0.2",
        "@nuxt/schema": "^4.2.2",
        "@nuxt/test-utils": "^3.22.0",
        "@types/node": "^25.0.3",
        "@types/picomatch": "^4.0.2",
        "@unocss/nuxt": "^66.5.12",
        "bumpp": "^10.3.2",
        "changelogen": "^0.6.2",
        "eslint": "^9.39.2",
        "nuxt": "^4.2.2",
        "nuxthub": "^0.9.4",
        "prettier": "^3.7.4",
        "typescript": "~5.9.3",
        "untyped": "^2.0.0",
        "vite": "^7.3.0",
        "vue-tsc": "^3.2.2"
      }
    },
    "../../node_modules/.pnpm/@tailwindcss+vite@4.1.18_vite@7.3.1_@types+node@22.15.3_jiti@2.6.1_lightningcss@1.30.2_terser_lxvodoih4hdrwunkz2j6hv3gte/node_modules/@tailwindcss/vite": {
      "version": "4.1.18",
      "license": "MIT",
      "dependencies": {
        "@tailwindcss/node": "4.1.18",
        "@tailwindcss/oxide": "4.1.18",
        "tailwindcss": "4.1.18"
      },
      "devDependencies": {
        "@types/node": "^20.19.0",
        "vite": "^7.0.0"
      },
      "peerDependencies": {
        "vite": "^5.2.0 || ^6 || ^7"
      }
    },
    "../../node_modules/.pnpm/@vueuse+core@14.1.0_vue@3.5.26_typescript@5.9.2_/node_modules/@vueuse/core": {
      "version": "14.1.0",
      "license": "MIT",
      "dependencies": {
        "@types/web-bluetooth": "^0.0.21",
        "@vueuse/metadata": "14.1.0",
        "@vueuse/shared": "14.1.0"
      },
      "funding": {
        "url": "https://github.com/sponsors/antfu"
      },
      "peerDependencies": {
        "vue": "^3.5.0"
      }
    },
    "../../node_modules/.pnpm/class-variance-authority@0.7.1/node_modules/class-variance-authority": {
      "version": "0.7.1",
      "license": "Apache-2.0",
      "dependencies": {
        "clsx": "^2.1.1"
      },
      "devDependencies": {
        "@swc/cli": "0.3.12",
        "@swc/core": "1.4.16",
        "@types/node": "20.12.7",
        "@types/react": "18.2.79",
        "@types/react-dom": "18.2.25",
        "bundlesize": "0.18.2",
        "npm-run-all": "4.1.5",
        "react": "18.2.0",
        "react-dom": "18.2.0",
        "ts-node": "10.9.2",
        "typescript": "5.4.5"
      },
      "funding": {
        "url": "https://polar.sh/cva"
      }
    },
    "../../node_modules/.pnpm/clsx@2.1.1/node_modules/clsx": {
      "version": "2.1.1",
      "license": "MIT",
      "devDependencies": {
        "esm": "3.2.25",
        "terser": "4.8.0",
        "uvu": "0.5.4"
      },
      "engines": {
        "node": ">=6"
      }
    },
    "../../node_modules/.pnpm/lucide-vue-next@0.562.0_vue@3.5.26_typescript@5.9.2_/node_modules/lucide-vue-next": {
      "version": "0.562.0",
      "license": "ISC",
      "devDependencies": {
        "@lucide/build-icons": "1.1.0",
        "@lucide/rollup-plugins": "1.0.0",
        "@lucide/shared": "1.0.0",
        "@testing-library/jest-dom": "^6.1.6",
        "@testing-library/vue": "^8.1.0",
        "@vitejs/plugin-vue": "^6.0.2",
        "@vue/test-utils": "2.4.6",
        "rollup": "^4.53.3",
        "rollup-plugin-dts": "^6.2.3",
        "vite": "^7.2.4",
        "vitest": "^4.0.12",
        "vue": "^3.4.21"
      },
      "peerDependencies": {
        "vue": ">=3.0.1"
      }
    },
    "../../node_modules/.pnpm/nuxt@4.2.2_@parcel+watcher@2.5.4_@types+node@22.15.3_@vue+compiler-sfc@3.5.26_cac@6.7.14_comm_j62fqlssdoakcg5ufhx652iqlm/node_modules/nuxt": {
      "version": "4.2.2",
      "license": "MIT",
      "dependencies": {
        "@dxup/nuxt": "^0.2.2",
        "@nuxt/cli": "^3.31.1",
        "@nuxt/devtools": "^3.1.1",
        "@nuxt/kit": "4.2.2",
        "@nuxt/nitro-server": "4.2.2",
        "@nuxt/schema": "4.2.2",
        "@nuxt/telemetry": "^2.6.6",
        "@nuxt/vite-builder": "4.2.2",
        "@unhead/vue": "^2.0.19",
        "@vue/shared": "^3.5.25",
        "c12": "^3.3.2",
        "chokidar": "^5.0.0",
        "compatx": "^0.2.0",
        "consola": "^3.4.2",
        "cookie-es": "^2.0.0",
        "defu": "^6.1.4",
        "destr": "^2.0.5",
        "devalue": "^5.6.0",
        "errx": "^0.1.0",
        "escape-string-regexp": "^5.0.0",
        "exsolve": "^1.0.8",
        "h3": "^1.15.4",
        "hookable": "^5.5.3",
        "ignore": "^7.0.5",
        "impound": "^1.0.0",
        "jiti": "^2.6.1",
        "klona": "^2.0.6",
        "knitwork": "^1.3.0",
        "magic-string": "^0.30.21",
        "mlly": "^1.8.0",
        "nanotar": "^0.2.0",
        "nypm": "^0.6.2",
        "ofetch": "^1.5.1",
        "ohash": "^2.0.11",
        "on-change": "^6.0.1",
        "oxc-minify": "^0.102.0",
        "oxc-parser": "^0.102.0",
        "oxc-transform": "^0.102.0",
        "oxc-walker": "^0.6.0",
        "pathe": "^2.0.3",
        "perfect-debounce": "^2.0.0",
        "pkg-types": "^2.3.0",
        "radix3": "^1.1.2",
        "scule": "^1.3.0",
        "semver": "^7.7.3",
        "std-env": "^3.10.0",
        "tinyglobby": "^0.2.15",
        "ufo": "^1.6.1",
        "ultrahtml": "^1.6.0",
        "uncrypto": "^0.1.3",
        "unctx": "^2.4.1",
        "unimport": "^5.5.0",
        "unplugin": "^2.3.11",
        "unplugin-vue-router": "^0.19.0",
        "untyped": "^2.0.0",
        "vue": "^3.5.25",
        "vue-router": "^4.6.3"
      },
      "bin": {
        "nuxi": "bin/nuxt.mjs",
        "nuxt": "bin/nuxt.mjs"
      },
      "devDependencies": {
        "@nuxt/scripts": "0.13.0",
        "@parcel/watcher": "2.5.1",
        "@types/estree": "1.0.8",
        "@vitejs/plugin-vue": "6.0.2",
        "@vitejs/plugin-vue-jsx": "5.1.2",
        "@vue/compiler-sfc": "3.5.25",
        "unbuild": "3.6.1",
        "vite": "7.2.7",
        "vitest": "3.2.4",
        "vue-bundle-renderer": "2.2.0",
        "vue-sfc-transformer": "0.1.17"
      },
      "engines": {
        "node": "^20.19.0 || >=22.12.0"
      },
      "peerDependencies": {
        "@parcel/watcher": "^2.1.0",
        "@types/node": ">=18.12.0"
      },
      "peerDependenciesMeta": {
        "@parcel/watcher": {
          "optional": true
        },
        "@types/node": {
          "optional": true
        }
      }
    },
    "../../node_modules/.pnpm/reka-ui@2.7.0_typescript@5.9.2_vue@3.5.26_typescript@5.9.2_/node_modules/reka-ui": {
      "version": "2.7.0",
      "license": "MIT",
      "dependencies": {
        "@floating-ui/dom": "^1.6.13",
        "@floating-ui/vue": "^1.1.6",
        "@internationalized/date": "^3.5.0",
        "@internationalized/number": "^3.5.0",
        "@tanstack/vue-virtual": "^3.12.0",
        "@vueuse/core": "^12.5.0",
        "@vueuse/shared": "^12.5.0",
        "aria-hidden": "^1.2.4",
        "defu": "^6.1.4",
        "ohash": "^2.0.11"
      },
      "devDependencies": {
        "@iconify/vue": "^4.3.0",
        "@internationalized/date": "^3.7.0",
        "@internationalized/number": "^3.6.0",
        "@testing-library/dom": "^10.4.1",
        "@testing-library/jest-dom": "^6.9.1",
        "@testing-library/user-event": "^14.6.1",
        "@testing-library/vue": "^8.1.0",
        "@tsconfig/node18": "^18.2.4",
        "@types/jsdom": "^27.0.0",
        "@types/node": "^24.0.13",
        "@vitejs/plugin-vue": "^6.0.3",
        "@vitest/coverage-istanbul": "^3.2.4",
        "@vue/test-utils": "^2.4.6",
        "@vue/tsconfig": "^0.7.0",
        "jsdom": "^26.1.0",
        "tsdown": "^0.12.9",
        "vite": "^7.3.0",
        "vitest": "^3.2.4",
        "vitest-axe": "0.1.0",
        "vitest-canvas-mock": "^0.3.3",
        "vue": "3.5.17",
        "vue-component-type-helpers": "^3.0.3",
        "vue-tsc": "2.2.12"
      },
      "peerDependencies": {
        "vue": ">= 3.2.0"
      }
    },
    "../../node_modules/.pnpm/shadcn-nuxt@2.4.3_magicast@0.5.1/node_modules/shadcn-nuxt": {
      "version": "2.4.3",
      "license": "MIT",
      "dependencies": {
        "@nuxt/kit": "^3.17.4",
        "oxc-parser": "^0.102.0"
      },
      "devDependencies": {
        "@nuxt/eslint-config": "^1.4.1",
        "@nuxt/module-builder": "^1.0.2",
        "@nuxt/schema": "^3.17.4",
        "@nuxt/test-utils": "^3.19.1",
        "@nuxtjs/color-mode": "^3.5.2",
        "@nuxtjs/tailwindcss": "^6.14.0",
        "@types/node": "^24",
        "nuxt": "^3.17.4",
        "typescript": "^5.9.3"
      }
    },
    "../../node_modules/.pnpm/tailwind-merge@3.4.0/node_modules/tailwind-merge": {
      "version": "3.4.0",
      "license": "MIT",
      "devDependencies": {
        "@babel/core": "^7.28.4",
        "@babel/preset-env": "^7.28.3",
        "@codspeed/vitest-plugin": "^5.0.1",
        "@rollup/plugin-babel": "^6.0.4",
        "@rollup/plugin-node-resolve": "^16.0.1",
        "@rollup/plugin-typescript": "^12.1.4",
        "@types/node": "^24.9.2",
        "@vitest/coverage-v8": "^3.2.4",
        "@vitest/eslint-plugin": "^1.3.15",
        "babel-plugin-annotate-pure-calls": "^0.5.0",
        "babel-plugin-polyfill-regenerator": "^0.6.5",
        "eslint": "^9.37.0",
        "eslint-plugin-import": "^2.32.0",
        "globby": "^11.1.0",
        "prettier": "^3.6.2",
        "rollup": "^4.52.4",
        "rollup-plugin-delete": "^3.0.1",
        "rollup-plugin-dts": "^6.2.3",
        "tslib": "^2.8.1",
        "typescript": "^5.9.3",
        "typescript-eslint": "^8.45.0",
        "vitest": "^3.2.4",
        "zx": "^8.8.4"
      },
      "funding": {
        "type": "github",
        "url": "https://github.com/sponsors/dcastil"
      }
    },
    "../../node_modules/.pnpm/tailwindcss@4.1.18/node_modules/tailwindcss": {
      "version": "4.1.18",
      "license": "MIT",
      "devDependencies": {
        "@jridgewell/remapping": "^2.3.4",
        "@tailwindcss/oxide": "^4.1.18",
        "@types/node": "^20.19.0",
        "dedent": "1.7.0",
        "lightningcss": "1.30.2",
        "magic-string": "^0.30.21",
        "source-map-js": "^1.2.1"
      }
    },
    "../../node_modules/.pnpm/tw-animate-css@1.4.0/node_modules/tw-animate-css": {
      "version": "1.4.0",
      "dev": true,
      "license": "MIT",
      "devDependencies": {
        "@commitlint/cli": "^19.8.1",
        "@commitlint/config-conventional": "^19.8.1",
        "@types/node": "^24.5.2",
        "lint-staged": "^16.2.0",
        "prettier": "^3.6.2",
        "simple-git-hooks": "^2.13.1",
        "sort-package-json": "^3.4.0"
      },
      "funding": {
        "url": "https://github.com/sponsors/Wombosvideo"
      }
    },
    "../../node_modules/.pnpm/vue-router@4.6.4_vue@3.5.26_typescript@5.9.2_/node_modules/vue-router": {
      "version": "4.6.4",
      "license": "MIT",
      "dependencies": {
        "@vue/devtools-api": "^6.6.4"
      },
      "devDependencies": {
        "@rollup/plugin-commonjs": "^28.0.7",
        "@rollup/plugin-node-resolve": "^16.0.3",
        "@rollup/plugin-replace": "^6.0.2",
        "@rollup/plugin-terser": "^0.4.4",
        "@types/jsdom": "^21.1.7",
        "@types/nightwatch": "^2.3.32",
        "@typescript/native-preview": "7.0.0-dev.20251013.1",
        "@vitejs/plugin-vue": "^6.0.1",
        "@vue/compiler-sfc": "~3.5.22",
        "@vue/server-renderer": "~3.5.22",
        "@vue/test-utils": "^2.4.6",
        "browserstack-local": "^1.5.8",
        "chromedriver": "^138.0.5",
        "connect-history-api-fallback": "^1.6.0",
        "dotenv": "^17.2.3",
        "faked-promise": "^2.2.2",
        "geckodriver": "^6.0.2",
        "happy-dom": "^20.0.0",
        "nightwatch": "^3.12.2",
        "nightwatch-helpers": "^1.2.0",
        "rimraf": "^6.0.1",
        "rollup": "^4.52.4",
        "rollup-plugin-typescript2": "^0.36.0",
        "tsdown": "^0.17.2",
        "tsup": "^8.5.0",
        "vite": "^7.1.10",
        "vue": "~3.6.0-alpha.2"
      },
      "funding": {
        "url": "https://github.com/sponsors/posva"
      },
      "peerDependencies": {
        "vue": "^3.5.0"
      }
    },
    "../../node_modules/.pnpm/vue@3.5.26_typescript@5.9.2/node_modules/vue": {
      "version": "3.5.26",
      "license": "MIT",
      "peer": true,
      "dependencies": {
        "@vue/compiler-dom": "3.5.26",
        "@vue/compiler-sfc": "3.5.26",
        "@vue/runtime-dom": "3.5.26",
        "@vue/server-renderer": "3.5.26",
        "@vue/shared": "3.5.26"
      },
      "peerDependencies": {
        "typescript": "*"
      },
      "peerDependenciesMeta": {
        "typescript": {
          "optional": true
        }
      }
    },
    "node_modules/@nuxt/icon": {
      "resolved": "../../node_modules/.pnpm/@nuxt+icon@2.2.0_magicast@0.5.1_vite@7.3.1_@types+node@22.15.3_jiti@2.6.1_lightningcss@1.30.2_oxwnewzbsqkp7lmlxzkiwlkg3u/node_modules/@nuxt/icon",
      "link": true
    },
    "node_modules/@tailwindcss/vite": {
      "resolved": "../../node_modules/.pnpm/@tailwindcss+vite@4.1.18_vite@7.3.1_@types+node@22.15.3_jiti@2.6.1_lightningcss@1.30.2_terser_lxvodoih4hdrwunkz2j6hv3gte/node_modules/@tailwindcss/vite",
      "link": true
    },
    "node_modules/@vueuse/core": {
      "resolved": "../../node_modules/.pnpm/@vueuse+core@14.1.0_vue@3.5.26_typescript@5.9.2_/node_modules/@vueuse/core",
      "link": true
    },
    "node_modules/class-variance-authority": {
      "resolved": "../../node_modules/.pnpm/class-variance-authority@0.7.1/node_modules/class-variance-authority",
      "link": true
    },
    "node_modules/clsx": {
      "resolved": "../../node_modules/.pnpm/clsx@2.1.1/node_modules/clsx",
      "link": true
    },
    "node_modules/lucide-vue-next": {
      "resolved": "../../node_modules/.pnpm/lucide-vue-next@0.562.0_vue@3.5.26_typescript@5.9.2_/node_modules/lucide-vue-next",
      "link": true
    },
    "node_modules/nuxt": {
      "resolved": "../../node_modules/.pnpm/nuxt@4.2.2_@parcel+watcher@2.5.4_@types+node@22.15.3_@vue+compiler-sfc@3.5.26_cac@6.7.14_comm_j62fqlssdoakcg5ufhx652iqlm/node_modules/nuxt",
      "link": true
    },
    "node_modules/reka-ui": {
      "resolved": "../../node_modules/.pnpm/reka-ui@2.7.0_typescript@5.9.2_vue@3.5.26_typescript@5.9.2_/node_modules/reka-ui",
      "link": true
    },
    "node_modules/shadcn-nuxt": {
      "resolved": "../../node_modules/.pnpm/shadcn-nuxt@2.4.3_magicast@0.5.1/node_modules/shadcn-nuxt",
      "link": true
    },
    "node_modules/tailwind-merge": {
      "resolved": "../../node_modules/.pnpm/tailwind-merge@3.4.0/node_modules/tailwind-merge",
      "link": true
    },
    "node_modules/tailwindcss": {
      "resolved": "../../node_modules/.pnpm/tailwindcss@4.1.18/node_modules/tailwindcss",
      "link": true
    },
    "node_modules/tw-animate-css": {
      "resolved": "../../node_modules/.pnpm/tw-animate-css@1.4.0/node_modules/tw-animate-css",
      "link": true
    },
    "node_modules/vue": {
      "resolved": "../../node_modules/.pnpm/vue@3.5.26_typescript@5.9.2/node_modules/vue",
      "link": true
    },
    "node_modules/vue-router": {
      "resolved": "../../node_modules/.pnpm/vue-router@4.6.4_vue@3.5.26_typescript@5.9.2_/node_modules/vue-router",
      "link": true
    },
    "node_modules/vue3-google-login": {
      "version": "2.0.34",
      "resolved": "https://registry.npmjs.org/vue3-google-login/-/vue3-google-login-2.0.34.tgz",
      "integrity": "sha512-YLEYcv8eKzA7BLsTciDogvxXxyJga4879HkmvWjYsm1t0mJ0Vx5A1EWKMx0YCtMQ2VwQJGy3F8aOw6zO+KkUhA==",
      "license": "MIT",
      "peerDependencies": {
        "vue": "^3.0.3"
      }
    }
  }
}
